<?xml version="1.0" encoding="utf-8"?>
<Project ToolsVersion="4.0" xmlns="http://schemas.microsoft.com/developer/msbuild/2003">
  <ItemGroup>
    <Filter Include="Source Files">
      <UniqueIdentifier>{4FC737F1-C7A5-4376-A066-2A32D752A2FF}</UniqueIdentifier>
      <Extensions>cpp;c;cc;cxx;def;odl;idl;hpj;bat;asm;asmx</Extensions>
    </Filter>
    <Filter Include="Header Files">
      <UniqueIdentifier>{93995380-89BD-4b04-88EB-625FBE52EBFB}</UniqueIdentifier>
      <Extensions>h;hh;hpp;hxx;hm;inl;inc;xsd</Extensions>
    </Filter>
    <Filter Include="Resource Files">
      <UniqueIdentifier>{67DA6AB6-F800-4c08-8B7A-83BB121AAD01}</UniqueIdentifier>
      <Extensions>rc;ico;cur;bmp;dlg;rc2;rct;bin;rgs;gif;jpg;jpeg;jpe;resx;tiff;tif;png;wav;mfcribbon-ms</Extensions>
    </Filter>
    <Filter Include="Source Files\engineTester">
      <UniqueIdentifier>{27c3dfac-46af-4c2c-84a1-492036072b6c}</UniqueIdentifier>
    </Filter>
    <Filter Include="Source Files\renderEngine">
      <UniqueIdentifier>{7519a51f-c3c8-4be0-943a-586e32189f95}</UniqueIdentifier>
    </Filter>
    <Filter Include="Source Files\toolbox">
      <UniqueIdentifier>{5b12dcf1-ba95-45fe-a8d4-64a741f22729}</UniqueIdentifier>
    </Filter>
    <Filter Include="Source Files\models">
      <UniqueIdentifier>{052e3399-986e-4d13-9141-cce6765f7b52}</UniqueIdentifier>
    </Filter>
    <Filter Include="Source Files\shaders">
      <UniqueIdentifier>{7ea1fba4-55f3-43aa-be40-d34417100c6a}</UniqueIdentifier>
    </Filter>
    <Filter Include="Source Files\textures">
      <UniqueIdentifier>{3b980177-e604-474e-8285-17474cb6f960}</UniqueIdentifier>
    </Filter>
    <Filter Include="Source Files\entities">
      <UniqueIdentifier>{568d2c54-0278-46c4-b115-d6fe749c2be3}</UniqueIdentifier>
    </Filter>
    <Filter Include="Source Files\objLoader">
      <UniqueIdentifier>{304e9ab6-3d2c-4234-b8cd-f75275eb90fd}</UniqueIdentifier>
    </Filter>
    <Filter Include="Source Files\animation">
      <UniqueIdentifier>{b79cf733-080a-485e-a893-a8252fc58b51}</UniqueIdentifier>
    </Filter>
    <Filter Include="Source Files\audio">
      <UniqueIdentifier>{d62f7be1-d6c7-4694-aa74-034bf5c9c2c3}</UniqueIdentifier>
    </Filter>
    <Filter Include="Source Files\collision">
      <UniqueIdentifier>{0c20ca3c-a889-4d34-a857-a969469c4f55}</UniqueIdentifier>
    </Filter>
    <Filter Include="Source Files\fontMeshCreator">
      <UniqueIdentifier>{30f7f372-c4cd-4360-a4dd-9feeecf0fbe5}</UniqueIdentifier>
    </Filter>
    <Filter Include="Source Files\entities\EmeraldCoast">
      <UniqueIdentifier>{9873b3cc-a29c-44c9-bb80-2028f0ff98ed}</UniqueIdentifier>
    </Filter>
    <Filter Include="Source Files\fontRendering">
      <UniqueIdentifier>{c7b4a2fc-b2bd-4380-9431-9682873782dc}</UniqueIdentifier>
    </Filter>
    <Filter Include="Source Files\guis">
      <UniqueIdentifier>{386ab441-7971-411a-90b6-7ccdc18c4fbc}</UniqueIdentifier>
    </Filter>
    <Filter Include="Source Files\particles">
      <UniqueIdentifier>{4196b9a2-f862-408f-a5a1-39ca161b266d}</UniqueIdentifier>
    </Filter>
    <Filter Include="Source Files\water">
      <UniqueIdentifier>{ad5a0cc3-45d2-4a59-b55f-33f13f3d36e2}</UniqueIdentifier>
    </Filter>
    <Filter Include="Source Files\entities\TwinklePark">
      <UniqueIdentifier>{ad4f7dcd-1533-4742-b517-7888a105b797}</UniqueIdentifier>
    </Filter>
    <Filter Include="Source Files\entities\FireField">
      <UniqueIdentifier>{43e99aa0-ee2f-4240-9a9c-faadbc4b960b}</UniqueIdentifier>
    </Filter>
    <Filter Include="Source Files\entities\Snowhead">
      <UniqueIdentifier>{ec92e2ab-cba1-4d83-a0ce-58e8fa5fbf49}</UniqueIdentifier>
    </Filter>
    <Filter Include="Source Files\entities\SpeedHighway">
      <UniqueIdentifier>{07b5d2ce-e31d-4396-825d-bf69ea65a666}</UniqueIdentifier>
    </Filter>
    <Filter Include="Source Files\shadows">
      <UniqueIdentifier>{5414a83a-1101-4db6-b9b9-0ef9efe5395a}</UniqueIdentifier>
    </Filter>
    <Filter Include="Source Files\shadows2">
      <UniqueIdentifier>{eb41df37-149c-49df-b0c6-49f9627b57c5}</UniqueIdentifier>
    </Filter>
    <Filter Include="Source Files\bloom">
      <UniqueIdentifier>{7eb6db96-ccb1-43f2-ad9f-33fac124bb2d}</UniqueIdentifier>
    </Filter>
    <Filter Include="Source Files\postProcessing">
      <UniqueIdentifier>{941a4f3a-646a-4b0f-80c7-b3f0c1cc14d2}</UniqueIdentifier>
    </Filter>
    <Filter Include="Source Files\gaussianBlur">
      <UniqueIdentifier>{039eddca-a831-4ed5-be59-a7691b88ae1e}</UniqueIdentifier>
    </Filter>
    <Filter Include="Source Files\entities\WildCanyon">
      <UniqueIdentifier>{9aaf4645-b380-461f-b18b-910196c59655}</UniqueIdentifier>
    </Filter>
    <Filter Include="Source Files\entities\DelfinoPlaza">
      <UniqueIdentifier>{bd3d6924-7c8d-490c-94d3-491948c859c7}</UniqueIdentifier>
    </Filter>
    <Filter Include="Source Files\entities\NokiBay">
      <UniqueIdentifier>{bf7b82a5-6d4c-4fb7-9a34-6568e3bedeb9}</UniqueIdentifier>
    </Filter>
    <Filter Include="Source Files\entities\GreenHillZone">
      <UniqueIdentifier>{ebb9ac04-d2ba-4b21-bce3-0c20c216dbe0}</UniqueIdentifier>
    </Filter>
    <Filter Include="Source Files\entities\PumpkinHill">
      <UniqueIdentifier>{a9f68b21-8a37-4a62-8e76-85d61d2f3d95}</UniqueIdentifier>
    </Filter>
    <Filter Include="Source Files\entities\DryLagoon">
      <UniqueIdentifier>{c01f0c6d-a2e2-41df-b5ba-c657b305ebec}</UniqueIdentifier>
    </Filter>
    <Filter Include="Source Files\entities\RadicalHighway">
      <UniqueIdentifier>{49e1f014-44e6-4cf0-a96c-7297e37cbde3}</UniqueIdentifier>
    </Filter>
    <Filter Include="Source Files\entities\Boss">
      <UniqueIdentifier>{ced98bd0-9e12-4bbb-b666-0c00fa11f685}</UniqueIdentifier>
    </Filter>
    <Filter Include="Source Files\entities\MetalHarbor">
      <UniqueIdentifier>{5536fbbb-d5fc-4d30-bd92-9aaf02e20615}</UniqueIdentifier>
    </Filter>
  </ItemGroup>
  <ItemGroup>
    <ClCompile Include="src\renderEngine\DisplayManager.cpp">
      <Filter>Source Files\renderEngine</Filter>
    </ClCompile>
    <ClCompile Include="src\renderEngine\Loader.cpp">
      <Filter>Source Files\renderEngine</Filter>
    </ClCompile>
    <ClCompile Include="src\toolbox\Input.cpp">
      <Filter>Source Files\toolbox</Filter>
    </ClCompile>
    <ClCompile Include="src\engineTester\MainGameLoop.cpp">
      <Filter>Source Files\engineTester</Filter>
    </ClCompile>
    <ClCompile Include="src\models\RawModel.cpp">
      <Filter>Source Files\models</Filter>
    </ClCompile>
    <ClCompile Include="src\renderEngine\Renderer.cpp">
      <Filter>Source Files\renderEngine</Filter>
    </ClCompile>
    <ClCompile Include="src\shaders\ShaderProgram.cpp">
      <Filter>Source Files\shaders</Filter>
    </ClCompile>
    <ClCompile Include="src\shaders\StaticShader.cpp">
      <Filter>Source Files\shaders</Filter>
    </ClCompile>
    <ClCompile Include="src\textures\ModelTexture.cpp">
      <Filter>Source Files\textures</Filter>
    </ClCompile>
    <ClCompile Include="src\models\TexturedModel.cpp">
      <Filter>Source Files\models</Filter>
    </ClCompile>
    <ClCompile Include="src\toolbox\vector.cpp">
      <Filter>Source Files\toolbox</Filter>
    </ClCompile>
    <ClCompile Include="src\toolbox\matrix.cpp">
      <Filter>Source Files\toolbox</Filter>
    </ClCompile>
    <ClCompile Include="src\toolbox\maths.cpp">
      <Filter>Source Files\toolbox</Filter>
    </ClCompile>
    <ClCompile Include="src\objLoader\objLoader.cpp">
      <Filter>Source Files\objLoader</Filter>
    </ClCompile>
    <ClCompile Include="src\animation\Animation.cpp">
      <Filter>Source Files\animation</Filter>
    </ClCompile>
    <ClCompile Include="src\animation\AnimationResources.cpp">
      <Filter>Source Files\animation</Filter>
    </ClCompile>
    <ClCompile Include="src\animation\Body.cpp">
      <Filter>Source Files\animation</Filter>
    </ClCompile>
    <ClCompile Include="src\animation\Keyframe.cpp">
      <Filter>Source Files\animation</Filter>
    </ClCompile>
    <ClCompile Include="src\animation\Limb.cpp">
      <Filter>Source Files\animation</Filter>
    </ClCompile>
    <ClCompile Include="src\audio\AudioMaster.cpp">
      <Filter>Source Files\audio</Filter>
    </ClCompile>
    <ClCompile Include="src\audio\AudioPlayer.cpp">
      <Filter>Source Files\audio</Filter>
    </ClCompile>
    <ClCompile Include="src\audio\Source.cpp">
      <Filter>Source Files\audio</Filter>
    </ClCompile>
    <ClCompile Include="src\collision\CollisionChecker.cpp">
      <Filter>Source Files\collision</Filter>
    </ClCompile>
    <ClCompile Include="src\collision\CollisionModel.cpp">
      <Filter>Source Files\collision</Filter>
    </ClCompile>
    <ClCompile Include="src\collision\QuadTreeNode.cpp">
      <Filter>Source Files\collision</Filter>
    </ClCompile>
    <ClCompile Include="src\collision\Triangle3D.cpp">
      <Filter>Source Files\collision</Filter>
    </ClCompile>
    <ClCompile Include="src\entities\EmeraldCoast\EC_Chair.cpp">
      <Filter>Source Files\entities\EmeraldCoast</Filter>
    </ClCompile>
    <ClCompile Include="src\entities\EmeraldCoast\EC_Dock.cpp">
      <Filter>Source Files\entities\EmeraldCoast</Filter>
    </ClCompile>
    <ClCompile Include="src\entities\EmeraldCoast\EC_DockCorner.cpp">
      <Filter>Source Files\entities\EmeraldCoast</Filter>
    </ClCompile>
    <ClCompile Include="src\entities\EmeraldCoast\EC_Dolphin.cpp">
      <Filter>Source Files\entities\EmeraldCoast</Filter>
    </ClCompile>
    <ClCompile Include="src\entities\EmeraldCoast\EC_FlatWater.cpp">
      <Filter>Source Files\entities\EmeraldCoast</Filter>
    </ClCompile>
    <ClCompile Include="src\entities\EmeraldCoast\EC_Hut.cpp">
      <Filter>Source Files\entities\EmeraldCoast</Filter>
    </ClCompile>
    <ClCompile Include="src\entities\EmeraldCoast\EC_Palmtree.cpp">
      <Filter>Source Files\entities\EmeraldCoast</Filter>
    </ClCompile>
    <ClCompile Include="src\entities\EmeraldCoast\EC_Pole.cpp">
      <Filter>Source Files\entities\EmeraldCoast</Filter>
    </ClCompile>
    <ClCompile Include="src\entities\EmeraldCoast\EC_Raft.cpp">
      <Filter>Source Files\entities\EmeraldCoast</Filter>
    </ClCompile>
    <ClCompile Include="src\entities\EmeraldCoast\EC_RaftSmall.cpp">
      <Filter>Source Files\entities\EmeraldCoast</Filter>
    </ClCompile>
    <ClCompile Include="src\entities\EmeraldCoast\EC_Shark.cpp">
      <Filter>Source Files\entities\EmeraldCoast</Filter>
    </ClCompile>
    <ClCompile Include="src\entities\EmeraldCoast\EC_StrawRoofHut.cpp">
      <Filter>Source Files\entities\EmeraldCoast</Filter>
    </ClCompile>
    <ClCompile Include="src\entities\EmeraldCoast\EC_Umbrella.cpp">
      <Filter>Source Files\entities\EmeraldCoast</Filter>
    </ClCompile>
    <ClCompile Include="src\entities\EmeraldCoast\EC_Waterfall.cpp">
      <Filter>Source Files\entities\EmeraldCoast</Filter>
    </ClCompile>
    <ClCompile Include="src\entities\Camera.cpp">
      <Filter>Source Files\entities</Filter>
    </ClCompile>
    <ClCompile Include="src\entities\CollideableObject.cpp">
      <Filter>Source Files\entities</Filter>
    </ClCompile>
    <ClCompile Include="src\entities\Dashpad.cpp">
      <Filter>Source Files\entities</Filter>
    </ClCompile>
    <ClCompile Include="src\entities\Entity.cpp">
      <Filter>Source Files\entities</Filter>
    </ClCompile>
    <ClCompile Include="src\entities\GoalSign.cpp">
      <Filter>Source Files\entities</Filter>
    </ClCompile>
    <ClCompile Include="src\entities\Light.cpp">
      <Filter>Source Files\entities</Filter>
    </ClCompile>
    <ClCompile Include="src\entities\LowQualityWater.cpp">
      <Filter>Source Files\entities</Filter>
    </ClCompile>
    <ClCompile Include="src\entities\ManiaSonicModel.cpp">
      <Filter>Source Files\entities</Filter>
    </ClCompile>
    <ClCompile Include="src\entities\Ring.cpp">
      <Filter>Source Files\entities</Filter>
    </ClCompile>
    <ClCompile Include="src\entities\SkySphere.cpp">
      <Filter>Source Files\entities</Filter>
    </ClCompile>
    <ClCompile Include="src\entities\SpeedRamp.cpp">
      <Filter>Source Files\entities</Filter>
    </ClCompile>
    <ClCompile Include="src\entities\Spikeball.cpp">
      <Filter>Source Files\entities</Filter>
    </ClCompile>
    <ClCompile Include="src\entities\Spinner.cpp">
      <Filter>Source Files\entities</Filter>
    </ClCompile>
    <ClCompile Include="src\entities\Spring.cpp">
      <Filter>Source Files\entities</Filter>
    </ClCompile>
    <ClCompile Include="src\entities\Stage.cpp">
      <Filter>Source Files\entities</Filter>
    </ClCompile>
    <ClCompile Include="src\entities\TeleportZone.cpp">
      <Filter>Source Files\entities</Filter>
    </ClCompile>
    <ClCompile Include="src\fontMeshCreator\Character.cpp">
      <Filter>Source Files\fontMeshCreator</Filter>
    </ClCompile>
    <ClCompile Include="src\fontMeshCreator\FontType.cpp">
      <Filter>Source Files\fontMeshCreator</Filter>
    </ClCompile>
    <ClCompile Include="src\fontMeshCreator\GUIText.cpp">
      <Filter>Source Files\fontMeshCreator</Filter>
    </ClCompile>
    <ClCompile Include="src\fontMeshCreator\Line.cpp">
      <Filter>Source Files\fontMeshCreator</Filter>
    </ClCompile>
    <ClCompile Include="src\fontMeshCreator\MetaFile.cpp">
      <Filter>Source Files\fontMeshCreator</Filter>
    </ClCompile>
    <ClCompile Include="src\fontMeshCreator\TextMeshCreator.cpp">
      <Filter>Source Files\fontMeshCreator</Filter>
    </ClCompile>
    <ClCompile Include="src\fontMeshCreator\TextMeshData.cpp">
      <Filter>Source Files\fontMeshCreator</Filter>
    </ClCompile>
    <ClCompile Include="src\fontMeshCreator\Word.cpp">
      <Filter>Source Files\fontMeshCreator</Filter>
    </ClCompile>
    <ClCompile Include="src\fontRendering\FontRenderer.cpp">
      <Filter>Source Files\fontRendering</Filter>
    </ClCompile>
    <ClCompile Include="src\fontRendering\FontShader.cpp">
      <Filter>Source Files\fontRendering</Filter>
    </ClCompile>
    <ClCompile Include="src\fontRendering\TextMaster.cpp">
      <Filter>Source Files\fontRendering</Filter>
    </ClCompile>
    <ClCompile Include="src\guis\GuiManager.cpp">
      <Filter>Source Files\guis</Filter>
    </ClCompile>
    <ClCompile Include="src\objLoader\FakeTexture.cpp">
      <Filter>Source Files\objLoader</Filter>
    </ClCompile>
    <ClCompile Include="src\objLoader\ModelData.cpp">
      <Filter>Source Files\objLoader</Filter>
    </ClCompile>
    <ClCompile Include="src\objLoader\Vertex.cpp">
      <Filter>Source Files\objLoader</Filter>
    </ClCompile>
    <ClCompile Include="src\particles\InsertionSort.cpp">
      <Filter>Source Files\particles</Filter>
    </ClCompile>
    <ClCompile Include="src\particles\Particle.cpp">
      <Filter>Source Files\particles</Filter>
    </ClCompile>
    <ClCompile Include="src\particles\ParticleMaster.cpp">
      <Filter>Source Files\particles</Filter>
    </ClCompile>
    <ClCompile Include="src\particles\ParticleRenderer.cpp">
      <Filter>Source Files\particles</Filter>
    </ClCompile>
    <ClCompile Include="src\particles\ParticleResources.cpp">
      <Filter>Source Files\particles</Filter>
    </ClCompile>
    <ClCompile Include="src\particles\ParticleShader.cpp">
      <Filter>Source Files\particles</Filter>
    </ClCompile>
    <ClCompile Include="src\particles\ParticleTexture.cpp">
      <Filter>Source Files\particles</Filter>
    </ClCompile>
    <ClCompile Include="src\renderEngine\MasterRenderer.cpp">
      <Filter>Source Files\renderEngine</Filter>
    </ClCompile>
    <ClCompile Include="src\renderEngine\SkyManager.cpp">
      <Filter>Source Files\renderEngine</Filter>
    </ClCompile>
    <ClCompile Include="src\toolbox\LevelLoader.cpp">
      <Filter>Source Files\toolbox</Filter>
    </ClCompile>
    <ClCompile Include="src\toolbox\PauseScreen.cpp">
      <Filter>Source Files\toolbox</Filter>
    </ClCompile>
    <ClCompile Include="src\toolbox\Split.cpp">
      <Filter>Source Files\toolbox</Filter>
    </ClCompile>
    <ClCompile Include="src\water\WaterFrameBuffers.cpp">
      <Filter>Source Files\water</Filter>
    </ClCompile>
    <ClCompile Include="src\water\WaterRenderer.cpp">
      <Filter>Source Files\water</Filter>
    </ClCompile>
    <ClCompile Include="src\water\WaterShader.cpp">
      <Filter>Source Files\water</Filter>
    </ClCompile>
    <ClCompile Include="src\water\WaterTile.cpp">
      <Filter>Source Files\water</Filter>
    </ClCompile>
    <ClCompile Include="src\entities\KillBox.cpp">
      <Filter>Source Files\entities</Filter>
    </ClCompile>
    <ClCompile Include="src\entities\TwinklePark\TP_FlatWater.cpp">
      <Filter>Source Files\entities\TwinklePark</Filter>
    </ClCompile>
    <ClCompile Include="src\entities\TwinklePark\TP_FloatingPad.cpp">
      <Filter>Source Files\entities\TwinklePark</Filter>
    </ClCompile>
    <ClCompile Include="src\entities\EmeraldCoast\EC_SinkingPlatform.cpp">
      <Filter>Source Files\entities\EmeraldCoast</Filter>
    </ClCompile>
    <ClCompile Include="src\entities\TwinklePark\TP_SpinningFloor.cpp">
      <Filter>Source Files\entities\TwinklePark</Filter>
    </ClCompile>
    <ClCompile Include="src\entities\FireField\FF_HealPads.cpp">
      <Filter>Source Files\entities\FireField</Filter>
    </ClCompile>
    <ClCompile Include="src\entities\EmeraldCoast\EC_StageTransparent.cpp">
      <Filter>Source Files\entities\EmeraldCoast</Filter>
    </ClCompile>
    <ClCompile Include="src\entities\Snowhead\SHD_StageTransparent.cpp">
      <Filter>Source Files\entities\Snowhead</Filter>
    </ClCompile>
    <ClCompile Include="src\entities\SpeedHighway\SH_TurnAsi.cpp">
      <Filter>Source Files\entities\SpeedHighway</Filter>
    </ClCompile>
    <ClCompile Include="src\entities\EmeraldCoast\EC_BigRock.cpp">
      <Filter>Source Files\entities\EmeraldCoast</Filter>
    </ClCompile>
    <ClCompile Include="src\entities\EmeraldCoast\EC_RockPlatform.cpp">
      <Filter>Source Files\entities\EmeraldCoast</Filter>
    </ClCompile>
    <ClCompile Include="src\entities\EmeraldCoast\EC_Seagull.cpp">
      <Filter>Source Files\entities\EmeraldCoast</Filter>
    </ClCompile>
    <ClCompile Include="src\entities\ItemCapsule.cpp">
      <Filter>Source Files\entities</Filter>
    </ClCompile>
    <ClCompile Include="src\entities\SpeedHighway\SH_CranePlatform.cpp">
      <Filter>Source Files\entities\SpeedHighway</Filter>
    </ClCompile>
    <ClCompile Include="src\entities\SpeedHighway\SH_CranePlatformPath.cpp">
      <Filter>Source Files\entities\SpeedHighway</Filter>
    </ClCompile>
    <ClCompile Include="src\entities\SpeedHighway\SH_ElevatorPlatformPath.cpp">
      <Filter>Source Files\entities\SpeedHighway</Filter>
    </ClCompile>
    <ClCompile Include="src\entities\SpeedHighway\SH_ElevatorPlatform.cpp">
      <Filter>Source Files\entities\SpeedHighway</Filter>
    </ClCompile>
    <ClCompile Include="src\entities\Point.cpp">
      <Filter>Source Files\entities</Filter>
    </ClCompile>
    <ClCompile Include="src\shadows\ShadowBox.cpp">
      <Filter>Source Files\shadows</Filter>
    </ClCompile>
    <ClCompile Include="src\shadows\ShadowFrameBuffer.cpp">
      <Filter>Source Files\shadows</Filter>
    </ClCompile>
    <ClCompile Include="src\shadows\ShadowMapMasterRenderer.cpp">
      <Filter>Source Files\shadows</Filter>
    </ClCompile>
    <ClCompile Include="src\shadows\ShadowMapEntityRenderer.cpp">
      <Filter>Source Files\shadows</Filter>
    </ClCompile>
    <ClCompile Include="src\shadows\ShadowShader.cpp">
      <Filter>Source Files\shadows</Filter>
    </ClCompile>
    <ClCompile Include="src\entities\SoundEmitter.cpp">
      <Filter>Source Files\entities</Filter>
    </ClCompile>
    <ClCompile Include="src\shadows2\ShadowBox2.cpp">
      <Filter>Source Files\shadows2</Filter>
    </ClCompile>
    <ClCompile Include="src\shadows2\ShadowFrameBuffer2.cpp">
      <Filter>Source Files\shadows2</Filter>
    </ClCompile>
    <ClCompile Include="src\shadows2\ShadowMapEntityRenderer2.cpp">
      <Filter>Source Files\shadows2</Filter>
    </ClCompile>
    <ClCompile Include="src\shadows2\ShadowMapMasterRenderer2.cpp">
      <Filter>Source Files\shadows2</Filter>
    </ClCompile>
    <ClCompile Include="src\shadows2\ShadowShader2.cpp">
      <Filter>Source Files\shadows2</Filter>
    </ClCompile>
    <ClCompile Include="src\entities\SpeedHighway\SH_StageTransparent.cpp">
      <Filter>Source Files\entities\SpeedHighway</Filter>
    </ClCompile>
    <ClCompile Include="src\entities\SpeedHighway\SH_Lamppost.cpp">
      <Filter>Source Files\entities\SpeedHighway</Filter>
    </ClCompile>
    <ClCompile Include="src\entities\SpeedHighway\SH_Cone.cpp">
      <Filter>Source Files\entities\SpeedHighway</Filter>
    </ClCompile>
    <ClCompile Include="src\entities\SpeedHighway\SH_Spotlight.cpp">
      <Filter>Source Files\entities\SpeedHighway</Filter>
    </ClCompile>
    <ClCompile Include="src\bloom\CombineShader.cpp">
      <Filter>Source Files\bloom</Filter>
    </ClCompile>
    <ClCompile Include="src\postProcessing\Fbo.cpp">
      <Filter>Source Files\postProcessing</Filter>
    </ClCompile>
    <ClCompile Include="src\postProcessing\ImageRenderer.cpp">
      <Filter>Source Files\postProcessing</Filter>
    </ClCompile>
    <ClCompile Include="src\postProcessing\PostProcessing.cpp">
      <Filter>Source Files\postProcessing</Filter>
    </ClCompile>
    <ClCompile Include="src\bloom\CombineFilter.cpp">
      <Filter>Source Files\bloom</Filter>
    </ClCompile>
    <ClCompile Include="src\gaussianBlur\HorizontalBlur.cpp">
      <Filter>Source Files\gaussianBlur</Filter>
    </ClCompile>
    <ClCompile Include="src\gaussianBlur\HorizontalBlurShader.cpp">
      <Filter>Source Files\gaussianBlur</Filter>
    </ClCompile>
    <ClCompile Include="src\gaussianBlur\VerticalBlur.cpp">
      <Filter>Source Files\gaussianBlur</Filter>
    </ClCompile>
    <ClCompile Include="src\gaussianBlur\VerticalBlurShader.cpp">
      <Filter>Source Files\gaussianBlur</Filter>
    </ClCompile>
    <ClCompile Include="src\entities\Capsule.cpp">
      <Filter>Source Files\entities</Filter>
    </ClCompile>
    <ClCompile Include="src\entities\ManiaTailsModel.cpp">
      <Filter>Source Files\entities</Filter>
    </ClCompile>
    <ClCompile Include="src\entities\PlayerSonic.cpp">
      <Filter>Source Files\entities</Filter>
    </ClCompile>
    <ClCompile Include="src\entities\PlayerTails.cpp">
      <Filter>Source Files\entities</Filter>
    </ClCompile>
    <ClCompile Include="src\entities\ControllablePlayer.cpp">
      <Filter>Source Files\entities</Filter>
    </ClCompile>
    <ClCompile Include="src\entities\ManiaKnucklesModel.cpp">
      <Filter>Source Files\entities</Filter>
    </ClCompile>
    <ClCompile Include="src\entities\PlayerKnuckles.cpp">
      <Filter>Source Files\entities</Filter>
    </ClCompile>
    <ClCompile Include="src\glad.c">
      <Filter>Source Files</Filter>
    </ClCompile>
    <ClCompile Include="src\entities\StageTransparent.cpp">
      <Filter>Source Files\entities</Filter>
    </ClCompile>
    <ClCompile Include="src\entities\EmeraldPiece.cpp">
      <Filter>Source Files\entities</Filter>
    </ClCompile>
    <ClCompile Include="src\entities\EmeraldManager.cpp">
      <Filter>Source Files\entities</Filter>
    </ClCompile>
    <ClCompile Include="src\guis\GuiRenderer.cpp">
      <Filter>Source Files\guis</Filter>
    </ClCompile>
    <ClCompile Include="src\guis\GuiTexture.cpp">
      <Filter>Source Files\guis</Filter>
    </ClCompile>
    <ClCompile Include="src\guis\GuiShader.cpp">
      <Filter>Source Files\guis</Filter>
    </ClCompile>
    <ClCompile Include="src\guis\GuiTextureResources.cpp">
      <Filter>Source Files\guis</Filter>
    </ClCompile>
    <ClCompile Include="src\entities\WildCanyon\WC_Breeze.cpp">
      <Filter>Source Files\entities\WildCanyon</Filter>
    </ClCompile>
    <ClCompile Include="src\entities\GoalTrigger.cpp">
      <Filter>Source Files\entities</Filter>
    </ClCompile>
    <ClCompile Include="src\entities\DelfinoPlaza\DP_Palmtree.cpp">
      <Filter>Source Files\entities\DelfinoPlaza</Filter>
    </ClCompile>
    <ClCompile Include="src\entities\NokiBay\NB_Palmtree.cpp">
      <Filter>Source Files\entities\NokiBay</Filter>
    </ClCompile>
    <ClCompile Include="src\entities\DelfinoPlaza\DP_Leaves.cpp">
      <Filter>Source Files\entities\DelfinoPlaza</Filter>
    </ClCompile>
    <ClCompile Include="src\entities\NokiBay\NB_WaterPlatform.cpp">
      <Filter>Source Files\entities\NokiBay</Filter>
    </ClCompile>
    <ClCompile Include="src\entities\NokiBay\NB_WaterPlatformBounce.cpp">
      <Filter>Source Files\entities\NokiBay</Filter>
    </ClCompile>
    <ClCompile Include="src\toolbox\MainMenu.cpp">
      <Filter>Source Files\toolbox</Filter>
    </ClCompile>
    <ClCompile Include="src\toolbox\Level.cpp">
      <Filter>Source Files\toolbox</Filter>
    </ClCompile>
    <ClCompile Include="src\entities\Chao.cpp">
      <Filter>Source Files\entities</Filter>
    </ClCompile>
    <ClCompile Include="src\entities\ShieldMagnet.cpp">
      <Filter>Source Files\entities</Filter>
    </ClCompile>
    <ClCompile Include="src\entities\ShieldGreen.cpp">
      <Filter>Source Files\entities</Filter>
    </ClCompile>
    <ClCompile Include="src\entities\GreenHillZone\GH_FloatingPlatform.cpp">
      <Filter>Source Files\entities\GreenHillZone</Filter>
    </ClCompile>
    <ClCompile Include="src\entities\GreenHillZone\GH_FallingPlatform.cpp">
      <Filter>Source Files\entities\GreenHillZone</Filter>
    </ClCompile>
    <ClCompile Include="src\entities\GreenHillZone\GH_Rock.cpp">
      <Filter>Source Files\entities\GreenHillZone</Filter>
    </ClCompile>
    <ClCompile Include="src\entities\GreenHillZone\GH_Totem.cpp">
      <Filter>Source Files\entities\GreenHillZone</Filter>
    </ClCompile>
    <ClCompile Include="src\entities\GreenHillZone\GH_TotemWings.cpp">
      <Filter>Source Files\entities\GreenHillZone</Filter>
    </ClCompile>
    <ClCompile Include="src\entities\GreenHillZone\GH_Tree.cpp">
      <Filter>Source Files\entities\GreenHillZone</Filter>
    </ClCompile>
    <ClCompile Include="src\entities\GreenHillZone\GH_Grass.cpp">
      <Filter>Source Files\entities\GreenHillZone</Filter>
    </ClCompile>
    <ClCompile Include="src\entities\GreenHillZone\GH_Sunflower.cpp">
      <Filter>Source Files\entities\GreenHillZone</Filter>
    </ClCompile>
    <ClCompile Include="src\entities\GreenHillZone\GH_Flower.cpp">
      <Filter>Source Files\entities\GreenHillZone</Filter>
    </ClCompile>
    <ClCompile Include="src\entities\RhinoTank.cpp">
      <Filter>Source Files\entities</Filter>
    </ClCompile>
    <ClCompile Include="src\entities\MotoBug.cpp">
      <Filter>Source Files\entities</Filter>
    </ClCompile>
    <ClCompile Include="src\entities\NPC.cpp">
      <Filter>Source Files\entities</Filter>
    </ClCompile>
    <ClCompile Include="src\entities\Snowhead\SHD_GoronElder.cpp">
      <Filter>Source Files\entities\Snowhead</Filter>
    </ClCompile>
    <ClCompile Include="src\entities\Snowhead\SHD_GoronKid.cpp">
      <Filter>Source Files\entities\Snowhead</Filter>
    </ClCompile>
    <ClCompile Include="src\entities\PumpkinHill\PH_Clouds.cpp">
      <Filter>Source Files\entities\PumpkinHill</Filter>
    </ClCompile>
    <ClCompile Include="src\entities\DryLagoon\DL_Turtle.cpp">
      <Filter>Source Files\entities\DryLagoon</Filter>
    </ClCompile>
    <ClCompile Include="src\entities\CameraBox.cpp">
      <Filter>Source Files\entities</Filter>
    </ClCompile>
    <ClCompile Include="src\entities\RadicalHighway\RH_Ramp.cpp">
      <Filter>Source Files\entities\RadicalHighway</Filter>
    </ClCompile>
    <ClCompile Include="src\entities\WildCanyon\WC_DigTeleport.cpp">
      <Filter>Source Files\entities\WildCanyon</Filter>
    </ClCompile>
    <ClCompile Include="src\entities\Checkpoint.cpp">
      <Filter>Source Files\entities</Filter>
    </ClCompile>
    <ClCompile Include="src\entities\SpeedHighway\SH_FloatingPlatform.cpp">
      <Filter>Source Files\entities\SpeedHighway</Filter>
    </ClCompile>
    <ClCompile Include="src\entities\Boss\B_Platform.cpp">
      <Filter>Source Files\entities\Boss</Filter>
    </ClCompile>
    <ClCompile Include="src\entities\Boss\B_Manager.cpp">
      <Filter>Source Files\entities\Boss</Filter>
    </ClCompile>
    <ClCompile Include="src\entities\Boss\B_Meteor.cpp">
      <Filter>Source Files\entities\Boss</Filter>
    </ClCompile>
    <ClCompile Include="src\entities\Boss\B_Earth.cpp">
      <Filter>Source Files\entities\Boss</Filter>
    </ClCompile>
    <ClCompile Include="src\entities\Boss\B_MetalSonic.cpp">
      <Filter>Source Files\entities\Boss</Filter>
    </ClCompile>
    <ClCompile Include="src\entities\Boss\B_Projectile.cpp">
      <Filter>Source Files\entities\Boss</Filter>
    </ClCompile>
    <ClCompile Include="src\entities\Rocket.cpp">
      <Filter>Source Files\entities</Filter>
    </ClCompile>
    <ClCompile Include="src\entities\MetalHarbor\MH_Manager.cpp">
      <Filter>Source Files\entities\MetalHarbor</Filter>
    </ClCompile>
    <ClCompile Include="src\entities\MetalHarbor\MH_Tank.cpp">
      <Filter>Source Files\entities\MetalHarbor</Filter>
    </ClCompile>
    <ClCompile Include="src\entities\MetalHarbor\MH_GiantRocket.cpp">
      <Filter>Source Files\entities\MetalHarbor</Filter>
    </ClCompile>
    <ClCompile Include="src\entities\MetalHarbor\MH_RocketBase.cpp">
      <Filter>Source Files\entities\MetalHarbor</Filter>
    </ClCompile>
    <ClCompile Include="src\entities\MetalHarbor\MH_PathFlat.cpp">
      <Filter>Source Files\entities\MetalHarbor</Filter>
    </ClCompile>
    <ClCompile Include="src\entities\MetalHarbor\MH_PathDiagonal.cpp">
      <Filter>Source Files\entities\MetalHarbor</Filter>
    </ClCompile>
    <ClCompile Include="src\entities\MetalHarbor\MH_PathFlatSmall.cpp">
      <Filter>Source Files\entities\MetalHarbor</Filter>
    </ClCompile>
  </ItemGroup>
  <ItemGroup>
    <ClInclude Include="src\renderEngine\renderEngine.h">
      <Filter>Source Files\renderEngine</Filter>
    </ClInclude>
    <ClInclude Include="src\toolbox\input.h">
      <Filter>Source Files\toolbox</Filter>
    </ClInclude>
    <ClInclude Include="src\models\models.h">
      <Filter>Source Files\models</Filter>
    </ClInclude>
    <ClInclude Include="src\shaders\shaders.h">
      <Filter>Source Files\shaders</Filter>
    </ClInclude>
    <ClInclude Include="src\textures\textures.h">
      <Filter>Source Files\textures</Filter>
    </ClInclude>
    <ClInclude Include="src\toolbox\vector.h">
      <Filter>Source Files\toolbox</Filter>
    </ClInclude>
    <ClInclude Include="src\toolbox\matrix.h">
      <Filter>Source Files\toolbox</Filter>
    </ClInclude>
    <ClInclude Include="src\toolbox\maths.h">
      <Filter>Source Files\toolbox</Filter>
    </ClInclude>
    <ClInclude Include="src\objLoader\objLoader.h">
      <Filter>Source Files\objLoader</Filter>
    </ClInclude>
    <ClInclude Include="src\animation\animation.h">
      <Filter>Source Files\animation</Filter>
    </ClInclude>
    <ClInclude Include="src\animation\animationresources.h">
      <Filter>Source Files\animation</Filter>
    </ClInclude>
    <ClInclude Include="src\animation\body.h">
      <Filter>Source Files\animation</Filter>
    </ClInclude>
    <ClInclude Include="src\animation\keyframe.h">
      <Filter>Source Files\animation</Filter>
    </ClInclude>
    <ClInclude Include="src\animation\limb.h">
      <Filter>Source Files\animation</Filter>
    </ClInclude>
    <ClInclude Include="src\audio\audiomaster.h">
      <Filter>Source Files\audio</Filter>
    </ClInclude>
    <ClInclude Include="src\audio\audioplayer.h">
      <Filter>Source Files\audio</Filter>
    </ClInclude>
    <ClInclude Include="src\audio\source.h">
      <Filter>Source Files\audio</Filter>
    </ClInclude>
    <ClInclude Include="src\collision\collisionchecker.h">
      <Filter>Source Files\collision</Filter>
    </ClInclude>
    <ClInclude Include="src\collision\collisionmodel.h">
      <Filter>Source Files\collision</Filter>
    </ClInclude>
    <ClInclude Include="src\collision\quadtreenode.h">
      <Filter>Source Files\collision</Filter>
    </ClInclude>
    <ClInclude Include="src\collision\triangle3d.h">
      <Filter>Source Files\collision</Filter>
    </ClInclude>
    <ClInclude Include="src\engineTester\main.h">
      <Filter>Source Files\engineTester</Filter>
    </ClInclude>
    <ClInclude Include="src\entities\EmeraldCoast\ecchair.h">
      <Filter>Source Files\entities\EmeraldCoast</Filter>
    </ClInclude>
    <ClInclude Include="src\entities\EmeraldCoast\ecdock.h">
      <Filter>Source Files\entities\EmeraldCoast</Filter>
    </ClInclude>
    <ClInclude Include="src\entities\EmeraldCoast\ecdockcorner.h">
      <Filter>Source Files\entities\EmeraldCoast</Filter>
    </ClInclude>
    <ClInclude Include="src\entities\EmeraldCoast\ecdolphin.h">
      <Filter>Source Files\entities\EmeraldCoast</Filter>
    </ClInclude>
    <ClInclude Include="src\entities\EmeraldCoast\ecflatwater.h">
      <Filter>Source Files\entities\EmeraldCoast</Filter>
    </ClInclude>
    <ClInclude Include="src\entities\EmeraldCoast\echut.h">
      <Filter>Source Files\entities\EmeraldCoast</Filter>
    </ClInclude>
    <ClInclude Include="src\entities\EmeraldCoast\ecpalmtree.h">
      <Filter>Source Files\entities\EmeraldCoast</Filter>
    </ClInclude>
    <ClInclude Include="src\entities\EmeraldCoast\ecpole.h">
      <Filter>Source Files\entities\EmeraldCoast</Filter>
    </ClInclude>
    <ClInclude Include="src\entities\EmeraldCoast\ecraft.h">
      <Filter>Source Files\entities\EmeraldCoast</Filter>
    </ClInclude>
    <ClInclude Include="src\entities\EmeraldCoast\ecraftsmall.h">
      <Filter>Source Files\entities\EmeraldCoast</Filter>
    </ClInclude>
    <ClInclude Include="src\entities\EmeraldCoast\ecshark.h">
      <Filter>Source Files\entities\EmeraldCoast</Filter>
    </ClInclude>
    <ClInclude Include="src\entities\EmeraldCoast\ecstrawroofhut.h">
      <Filter>Source Files\entities\EmeraldCoast</Filter>
    </ClInclude>
    <ClInclude Include="src\entities\EmeraldCoast\ecumbrella.h">
      <Filter>Source Files\entities\EmeraldCoast</Filter>
    </ClInclude>
    <ClInclude Include="src\entities\EmeraldCoast\ecwaterfall.h">
      <Filter>Source Files\entities\EmeraldCoast</Filter>
    </ClInclude>
    <ClInclude Include="src\entities\camera.h">
      <Filter>Source Files\entities</Filter>
    </ClInclude>
    <ClInclude Include="src\entities\collideableobject.h">
      <Filter>Source Files\entities</Filter>
    </ClInclude>
    <ClInclude Include="src\entities\dashpad.h">
      <Filter>Source Files\entities</Filter>
    </ClInclude>
    <ClInclude Include="src\entities\entities.h">
      <Filter>Source Files\entities</Filter>
    </ClInclude>
    <ClInclude Include="src\entities\goalsign.h">
      <Filter>Source Files\entities</Filter>
    </ClInclude>
    <ClInclude Include="src\entities\light.h">
      <Filter>Source Files\entities</Filter>
    </ClInclude>
    <ClInclude Include="src\entities\lowqualitywater.h">
      <Filter>Source Files\entities</Filter>
    </ClInclude>
    <ClInclude Include="src\entities\maniasonicmodel.h">
      <Filter>Source Files\entities</Filter>
    </ClInclude>
    <ClInclude Include="src\entities\ring.h">
      <Filter>Source Files\entities</Filter>
    </ClInclude>
    <ClInclude Include="src\entities\skysphere.h">
      <Filter>Source Files\entities</Filter>
    </ClInclude>
    <ClInclude Include="src\entities\speedramp.h">
      <Filter>Source Files\entities</Filter>
    </ClInclude>
    <ClInclude Include="src\entities\spikeball.h">
      <Filter>Source Files\entities</Filter>
    </ClInclude>
    <ClInclude Include="src\entities\spinner.h">
      <Filter>Source Files\entities</Filter>
    </ClInclude>
    <ClInclude Include="src\entities\spring.h">
      <Filter>Source Files\entities</Filter>
    </ClInclude>
    <ClInclude Include="src\entities\stage.h">
      <Filter>Source Files\entities</Filter>
    </ClInclude>
    <ClInclude Include="src\entities\teleportzone.h">
      <Filter>Source Files\entities</Filter>
    </ClInclude>
    <ClInclude Include="src\fontMeshCreator\character.h">
      <Filter>Source Files\fontMeshCreator</Filter>
    </ClInclude>
    <ClInclude Include="src\fontMeshCreator\fonttype.h">
      <Filter>Source Files\fontMeshCreator</Filter>
    </ClInclude>
    <ClInclude Include="src\fontMeshCreator\guitext.h">
      <Filter>Source Files\fontMeshCreator</Filter>
    </ClInclude>
    <ClInclude Include="src\fontMeshCreator\line.h">
      <Filter>Source Files\fontMeshCreator</Filter>
    </ClInclude>
    <ClInclude Include="src\fontMeshCreator\metafile.h">
      <Filter>Source Files\fontMeshCreator</Filter>
    </ClInclude>
    <ClInclude Include="src\fontMeshCreator\textmeshcreator.h">
      <Filter>Source Files\fontMeshCreator</Filter>
    </ClInclude>
    <ClInclude Include="src\fontMeshCreator\textmeshdata.h">
      <Filter>Source Files\fontMeshCreator</Filter>
    </ClInclude>
    <ClInclude Include="src\fontMeshCreator\word.h">
      <Filter>Source Files\fontMeshCreator</Filter>
    </ClInclude>
    <ClInclude Include="src\fontRendering\fontrenderer.h">
      <Filter>Source Files\fontRendering</Filter>
    </ClInclude>
    <ClInclude Include="src\fontRendering\fontshader.h">
      <Filter>Source Files\fontRendering</Filter>
    </ClInclude>
    <ClInclude Include="src\fontRendering\textmaster.h">
      <Filter>Source Files\fontRendering</Filter>
    </ClInclude>
    <ClInclude Include="src\guis\guimanager.h">
      <Filter>Source Files\guis</Filter>
    </ClInclude>
    <ClInclude Include="src\objLoader\fakeTexture.h">
      <Filter>Source Files\objLoader</Filter>
    </ClInclude>
    <ClInclude Include="src\objLoader\modeldata.h">
      <Filter>Source Files\objLoader</Filter>
    </ClInclude>
    <ClInclude Include="src\objLoader\vertex.h">
      <Filter>Source Files\objLoader</Filter>
    </ClInclude>
    <ClInclude Include="src\particles\insertionsort.h">
      <Filter>Source Files\particles</Filter>
    </ClInclude>
    <ClInclude Include="src\particles\particle.h">
      <Filter>Source Files\particles</Filter>
    </ClInclude>
    <ClInclude Include="src\particles\particlemaster.h">
      <Filter>Source Files\particles</Filter>
    </ClInclude>
    <ClInclude Include="src\particles\particlerenderer.h">
      <Filter>Source Files\particles</Filter>
    </ClInclude>
    <ClInclude Include="src\particles\particleresources.h">
      <Filter>Source Files\particles</Filter>
    </ClInclude>
    <ClInclude Include="src\particles\particleshader.h">
      <Filter>Source Files\particles</Filter>
    </ClInclude>
    <ClInclude Include="src\particles\particletexture.h">
      <Filter>Source Files\particles</Filter>
    </ClInclude>
    <ClInclude Include="src\renderEngine\skymanager.h">
      <Filter>Source Files\renderEngine</Filter>
    </ClInclude>
    <ClInclude Include="src\toolbox\levelloader.h">
      <Filter>Source Files\toolbox</Filter>
    </ClInclude>
    <ClInclude Include="src\toolbox\pausescreen.h">
      <Filter>Source Files\toolbox</Filter>
    </ClInclude>
    <ClInclude Include="src\toolbox\split.h">
      <Filter>Source Files\toolbox</Filter>
    </ClInclude>
    <ClInclude Include="src\water\waterframebuffers.h">
      <Filter>Source Files\water</Filter>
    </ClInclude>
    <ClInclude Include="src\water\waterrenderer.h">
      <Filter>Source Files\water</Filter>
    </ClInclude>
    <ClInclude Include="src\water\watershader.h">
      <Filter>Source Files\water</Filter>
    </ClInclude>
    <ClInclude Include="src\water\watertile.h">
      <Filter>Source Files\water</Filter>
    </ClInclude>
    <ClInclude Include="src\entities\killbox.h">
      <Filter>Source Files\entities</Filter>
    </ClInclude>
    <ClInclude Include="src\entities\TwinklePark\tpflatwater.h">
      <Filter>Source Files\entities\TwinklePark</Filter>
    </ClInclude>
    <ClInclude Include="src\entities\TwinklePark\tpfloatingpad.h">
      <Filter>Source Files\entities\TwinklePark</Filter>
    </ClInclude>
    <ClInclude Include="src\entities\EmeraldCoast\ecsinkingplatform.h">
      <Filter>Source Files\entities\EmeraldCoast</Filter>
    </ClInclude>
    <ClInclude Include="src\entities\TwinklePark\tpspinningfloor.h">
      <Filter>Source Files\entities\TwinklePark</Filter>
    </ClInclude>
    <ClInclude Include="src\entities\FireField\ffhealpads.h">
      <Filter>Source Files\entities\FireField</Filter>
    </ClInclude>
    <ClInclude Include="src\entities\EmeraldCoast\ecstagetransparent.h">
      <Filter>Source Files\entities\EmeraldCoast</Filter>
    </ClInclude>
    <ClInclude Include="src\entities\Snowhead\shdstagetransparent.h">
      <Filter>Source Files\entities\Snowhead</Filter>
    </ClInclude>
    <ClInclude Include="src\entities\SpeedHighway\shturnasi.h">
      <Filter>Source Files\entities\SpeedHighway</Filter>
    </ClInclude>
    <ClInclude Include="src\entities\EmeraldCoast\ecbigrock.h">
      <Filter>Source Files\entities\EmeraldCoast</Filter>
    </ClInclude>
    <ClInclude Include="src\entities\EmeraldCoast\ecrockplatform.h">
      <Filter>Source Files\entities\EmeraldCoast</Filter>
    </ClInclude>
    <ClInclude Include="src\entities\EmeraldCoast\ecseagull.h">
      <Filter>Source Files\entities\EmeraldCoast</Filter>
    </ClInclude>
    <ClInclude Include="src\entities\itemcapsule.h">
      <Filter>Source Files\entities</Filter>
    </ClInclude>
    <ClInclude Include="src\entities\point.h">
      <Filter>Source Files\entities</Filter>
    </ClInclude>
    <ClInclude Include="src\entities\SpeedHighway\shcraneplatform.h">
      <Filter>Source Files\entities\SpeedHighway</Filter>
    </ClInclude>
    <ClInclude Include="src\entities\SpeedHighway\shcraneplatformpath.h">
      <Filter>Source Files\entities\SpeedHighway</Filter>
    </ClInclude>
    <ClInclude Include="src\entities\SpeedHighway\shelevatorplatform.h">
      <Filter>Source Files\entities\SpeedHighway</Filter>
    </ClInclude>
    <ClInclude Include="src\entities\SpeedHighway\shelevatorplatformpath.h">
      <Filter>Source Files\entities\SpeedHighway</Filter>
    </ClInclude>
    <ClInclude Include="src\shadows\shadowbox.h">
      <Filter>Source Files\shadows</Filter>
    </ClInclude>
    <ClInclude Include="src\shadows\shadowframebuffer.h">
      <Filter>Source Files\shadows</Filter>
    </ClInclude>
    <ClInclude Include="src\shadows\shadowmapmasterrenderer.h">
      <Filter>Source Files\shadows</Filter>
    </ClInclude>
    <ClInclude Include="src\shadows\shadowmapentityrenderer.h">
      <Filter>Source Files\shadows</Filter>
    </ClInclude>
    <ClInclude Include="src\shadows\shadowshader.h">
      <Filter>Source Files\shadows</Filter>
    </ClInclude>
    <ClInclude Include="src\entities\soundemitter.h">
      <Filter>Source Files\entities</Filter>
    </ClInclude>
    <ClInclude Include="src\shadows2\shadowbox2.h">
      <Filter>Source Files\shadows2</Filter>
    </ClInclude>
    <ClInclude Include="src\shadows2\shadowframebuffer2.h">
      <Filter>Source Files\shadows2</Filter>
    </ClInclude>
    <ClInclude Include="src\shadows2\shadowmapentityrenderer2.h">
      <Filter>Source Files\shadows2</Filter>
    </ClInclude>
    <ClInclude Include="src\shadows2\shadowmapmasterrenderer2.h">
      <Filter>Source Files\shadows2</Filter>
    </ClInclude>
    <ClInclude Include="src\shadows2\shadowshader2.h">
      <Filter>Source Files\shadows2</Filter>
    </ClInclude>
    <ClInclude Include="src\entities\SpeedHighway\shstagetransparent.h">
      <Filter>Source Files\entities\SpeedHighway</Filter>
    </ClInclude>
    <ClInclude Include="src\entities\SpeedHighway\shlamppost.h">
      <Filter>Source Files\entities\SpeedHighway</Filter>
    </ClInclude>
    <ClInclude Include="src\entities\SpeedHighway\shcone.h">
      <Filter>Source Files\entities\SpeedHighway</Filter>
    </ClInclude>
    <ClInclude Include="src\entities\SpeedHighway\shspotlight.h">
      <Filter>Source Files\entities\SpeedHighway</Filter>
    </ClInclude>
    <ClInclude Include="src\bloom\combineshader.h">
      <Filter>Source Files\bloom</Filter>
    </ClInclude>
    <ClInclude Include="src\postProcessing\fbo.h">
      <Filter>Source Files\postProcessing</Filter>
    </ClInclude>
    <ClInclude Include="src\postProcessing\imagerenderer.h">
      <Filter>Source Files\postProcessing</Filter>
    </ClInclude>
    <ClInclude Include="src\postProcessing\postprocessing.h">
      <Filter>Source Files\postProcessing</Filter>
    </ClInclude>
    <ClInclude Include="src\bloom\combinefilter.h">
      <Filter>Source Files\bloom</Filter>
    </ClInclude>
    <ClInclude Include="src\gaussianBlur\verticalblurshader.h">
      <Filter>Source Files\gaussianBlur</Filter>
    </ClInclude>
    <ClInclude Include="src\gaussianBlur\horizontalblur.h">
      <Filter>Source Files\gaussianBlur</Filter>
    </ClInclude>
    <ClInclude Include="src\gaussianBlur\horizontalblurshader.h">
      <Filter>Source Files\gaussianBlur</Filter>
    </ClInclude>
    <ClInclude Include="src\gaussianBlur\verticalblur.h">
      <Filter>Source Files\gaussianBlur</Filter>
    </ClInclude>
    <ClInclude Include="src\entities\capsule.h">
      <Filter>Source Files\entities</Filter>
    </ClInclude>
    <ClInclude Include="src\entities\maniatailsmodel.h">
      <Filter>Source Files\entities</Filter>
    </ClInclude>
    <ClInclude Include="src\entities\playersonic.h">
      <Filter>Source Files\entities</Filter>
    </ClInclude>
    <ClInclude Include="src\entities\playertails.h">
      <Filter>Source Files\entities</Filter>
    </ClInclude>
    <ClInclude Include="src\entities\controllableplayer.h">
      <Filter>Source Files\entities</Filter>
    </ClInclude>
    <ClInclude Include="src\entities\maniaknucklesmodel.h">
      <Filter>Source Files\entities</Filter>
    </ClInclude>
    <ClInclude Include="src\entities\playerknuckles.h">
      <Filter>Source Files\entities</Filter>
    </ClInclude>
    <ClInclude Include="src\entities\stagetransparent.h">
      <Filter>Source Files\entities</Filter>
    </ClInclude>
    <ClInclude Include="src\entities\emeraldpiece.h">
      <Filter>Source Files\entities</Filter>
    </ClInclude>
    <ClInclude Include="src\entities\emeraldmanager.h">
      <Filter>Source Files\entities</Filter>
    </ClInclude>
    <ClInclude Include="src\guis\guirenderer.h">
      <Filter>Source Files\guis</Filter>
    </ClInclude>
    <ClInclude Include="src\guis\guitexture.h">
      <Filter>Source Files\guis</Filter>
    </ClInclude>
    <ClInclude Include="src\guis\guishader.h">
      <Filter>Source Files\guis</Filter>
    </ClInclude>
    <ClInclude Include="src\guis\guitextureresources.h">
      <Filter>Source Files\guis</Filter>
    </ClInclude>
    <ClInclude Include="src\entities\WildCanyon\wcbreeze.h">
      <Filter>Source Files\entities\WildCanyon</Filter>
    </ClInclude>
    <ClInclude Include="src\entities\goaltrigger.h">
      <Filter>Source Files\entities</Filter>
    </ClInclude>
    <ClInclude Include="src\entities\DelfinoPlaza\dppalmtree.h">
      <Filter>Source Files\entities\DelfinoPlaza</Filter>
    </ClInclude>
    <ClInclude Include="src\entities\NokiBay\nbpalmtree.h">
      <Filter>Source Files\entities\NokiBay</Filter>
    </ClInclude>
    <ClInclude Include="src\entities\DelfinoPlaza\dpleaves.h">
      <Filter>Source Files\entities\DelfinoPlaza</Filter>
    </ClInclude>
    <ClInclude Include="src\entities\NokiBay\nbwaterplatform.h">
      <Filter>Source Files\entities\NokiBay</Filter>
    </ClInclude>
    <ClInclude Include="src\entities\NokiBay\nbwaterplatformbounce.h">
      <Filter>Source Files\entities\NokiBay</Filter>
    </ClInclude>
    <ClInclude Include="src\toolbox\mainmenu.h">
      <Filter>Source Files\toolbox</Filter>
    </ClInclude>
    <ClInclude Include="src\toolbox\level.h">
      <Filter>Source Files\toolbox</Filter>
    </ClInclude>
    <ClInclude Include="src\entities\chao.h">
      <Filter>Source Files\entities</Filter>
    </ClInclude>
    <ClInclude Include="src\entities\shieldmagnet.h">
      <Filter>Source Files\entities</Filter>
    </ClInclude>
    <ClInclude Include="src\entities\shieldgreen.h">
      <Filter>Source Files\entities</Filter>
    </ClInclude>
    <ClInclude Include="src\entities\GreenHillZone\ghfloatingplatform.h">
      <Filter>Source Files\entities\GreenHillZone</Filter>
    </ClInclude>
    <ClInclude Include="src\entities\GreenHillZone\ghfallingplatform.h">
      <Filter>Source Files\entities\GreenHillZone</Filter>
    </ClInclude>
    <ClInclude Include="src\entities\GreenHillZone\ghrock.h">
      <Filter>Source Files\entities\GreenHillZone</Filter>
    </ClInclude>
    <ClInclude Include="src\entities\GreenHillZone\ghtotem.h">
      <Filter>Source Files\entities\GreenHillZone</Filter>
    </ClInclude>
    <ClInclude Include="src\entities\GreenHillZone\ghtotemwings.h">
      <Filter>Source Files\entities\GreenHillZone</Filter>
    </ClInclude>
    <ClInclude Include="src\entities\GreenHillZone\ghtree.h">
      <Filter>Source Files\entities\GreenHillZone</Filter>
    </ClInclude>
    <ClInclude Include="src\entities\GreenHillZone\ghgrass.h">
      <Filter>Source Files\entities\GreenHillZone</Filter>
    </ClInclude>
    <ClInclude Include="src\entities\GreenHillZone\ghsunflower.h">
      <Filter>Source Files\entities\GreenHillZone</Filter>
    </ClInclude>
    <ClInclude Include="src\entities\GreenHillZone\ghflower.h">
      <Filter>Source Files\entities\GreenHillZone</Filter>
    </ClInclude>
    <ClInclude Include="src\entities\rhinotank.h">
      <Filter>Source Files\entities</Filter>
    </ClInclude>
    <ClInclude Include="src\entities\motobug.h">
      <Filter>Source Files\entities</Filter>
    </ClInclude>
    <ClInclude Include="src\entities\npc.h">
      <Filter>Source Files\entities</Filter>
    </ClInclude>
    <ClInclude Include="src\entities\Snowhead\shdgoronelder.h">
      <Filter>Source Files\entities\Snowhead</Filter>
    </ClInclude>
    <ClInclude Include="src\entities\Snowhead\shdgoronkid.h">
      <Filter>Source Files\entities\Snowhead</Filter>
    </ClInclude>
    <ClInclude Include="src\entities\PumpkinHill\phclouds.h">
      <Filter>Source Files\entities\PumpkinHill</Filter>
    </ClInclude>
    <ClInclude Include="src\entities\DryLagoon\dlturtle.h">
      <Filter>Source Files\entities\DryLagoon</Filter>
    </ClInclude>
    <ClInclude Include="src\entities\camerabox.h">
      <Filter>Source Files\entities</Filter>
    </ClInclude>
    <ClInclude Include="src\entities\RadicalHighway\rhramp.h">
      <Filter>Source Files\entities\RadicalHighway</Filter>
    </ClInclude>
    <ClInclude Include="src\entities\WildCanyon\wcdigteleport.h">
      <Filter>Source Files\entities\WildCanyon</Filter>
    </ClInclude>
    <ClInclude Include="src\entities\checkpoint.h">
      <Filter>Source Files\entities</Filter>
    </ClInclude>
    <ClInclude Include="src\entities\SpeedHighway\shfloatingplatform.h">
      <Filter>Source Files\entities\SpeedHighway</Filter>
    </ClInclude>
    <ClInclude Include="src\entities\Boss\bplatform.h">
      <Filter>Source Files\entities\Boss</Filter>
    </ClInclude>
    <ClInclude Include="src\entities\Boss\bmanager.h">
      <Filter>Source Files\entities\Boss</Filter>
    </ClInclude>
    <ClInclude Include="src\entities\Boss\bmeteor.h">
      <Filter>Source Files\entities\Boss</Filter>
    </ClInclude>
    <ClInclude Include="src\entities\Boss\bearth.h">
      <Filter>Source Files\entities\Boss</Filter>
    </ClInclude>
    <ClInclude Include="src\entities\Boss\bmetalsonic.h">
      <Filter>Source Files\entities\Boss</Filter>
    </ClInclude>
    <ClInclude Include="src\entities\Boss\bprojectile.h">
      <Filter>Source Files\entities\Boss</Filter>
    </ClInclude>
    <ClInclude Include="src\entities\rocket.h">
      <Filter>Source Files\entities</Filter>
    </ClInclude>
    <ClInclude Include="src\entities\MetalHarbor\mhmanager.h">
      <Filter>Source Files\entities\MetalHarbor</Filter>
    </ClInclude>
    <ClInclude Include="src\entities\MetalHarbor\mhtank.h">
      <Filter>Source Files\entities\MetalHarbor</Filter>
    </ClInclude>
    <ClInclude Include="src\entities\MetalHarbor\mhgiantrocket.h">
      <Filter>Source Files\entities\MetalHarbor</Filter>
    </ClInclude>
    <ClInclude Include="src\entities\MetalHarbor\mhrocketbase.h">
      <Filter>Source Files\entities\MetalHarbor</Filter>
    </ClInclude>
    <ClInclude Include="src\entities\MetalHarbor\mhpathflat.h">
      <Filter>Source Files\entities\MetalHarbor</Filter>
    </ClInclude>
    <ClInclude Include="src\entities\MetalHarbor\mhpathdiagonal.h">
      <Filter>Source Files\entities\MetalHarbor</Filter>
    </ClInclude>
    <ClInclude Include="src\entities\MetalHarbor\mhpathflatsmall.h">
      <Filter>Source Files\entities\MetalHarbor</Filter>
    </ClInclude>
  </ItemGroup>
</Project>